Microsoft Visual Studio Solution File, Format Version 12.00
# Visual Studio Version 17
VisualStudioVersion = 17.5.2.0
MinimumVisualStudioVersion = 10.0.40219.1
Project("{FAE04EC0-301F-11D3-BF4B-00C04F79EFBC}") = "StudentTrackerAPI", "StudentTrackerAPI\StudentTrackerAPI.csproj", "{944FA331-75CF-DADF-ACAC-E915D47C0715}"
EndProject
Project("{FAE04EC0-301F-11D3-BF4B-00C04F79EFBC}") = "StudentTrackerMvc", "StudentTrackerMvc\StudentTrackerMvc.csproj", "{2DA569FA-2843-D47B-915D-7F60CD917E98}"
EndProject
Project("{FAE04EC0-301F-11D3-BF4B-00C04F79EFBC}") = "DomLab", "..\..\CSCI3110\DomLab\DomLab.csproj", "{4370C25A-7CCD-4257-94F9-DDA16AE481F2}"
EndProject
Global
	GlobalSection(SolutionConfigurationPlatforms) = preSolution
		Debug|Any CPU = Debug|Any CPU
		Release|Any CPU = Release|Any CPU
	EndGlobalSection
	GlobalSection(ProjectConfigurationPlatforms) = postSolution
		{944FA331-75CF-DADF-ACAC-E915D47C0715}.Debug|Any CPU.ActiveCfg = Debug|Any CPU
		{944FA331-75CF-DADF-ACAC-E915D47C0715}.Debug|Any CPU.Build.0 = Debug|Any CPU
		{944FA331-75CF-DADF-ACAC-E915D47C0715}.Release|Any CPU.ActiveCfg = Release|Any CPU
		{944FA331-75CF-DADF-ACAC-E915D47C0715}.Release|Any CPU.Build.0 = Release|Any CPU
		{2DA569FA-2843-D47B-915D-7F60CD917E98}.Debug|Any CPU.ActiveCfg = Debug|Any CPU
		{2DA569FA-2843-D47B-915D-7F60CD917E98}.Debug|Any CPU.Build.0 = Debug|Any CPU
		{2DA569FA-2843-D47B-915D-7F60CD917E98}.Release|Any CPU.ActiveCfg = Release|Any CPU
		{2DA569FA-2843-D47B-915D-7F60CD917E98}.Release|Any CPU.Build.0 = Release|Any CPU
		{4370C25A-7CCD-4257-94F9-DDA16AE481F2}.Debug|Any CPU.ActiveCfg = Debug|Any CPU
		{4370C25A-7CCD-4257-94F9-DDA16AE481F2}.Debug|Any CPU.Build.0 = Debug|Any CPU
		{4370C25A-7CCD-4257-94F9-DDA16AE481F2}.Release|Any CPU.ActiveCfg = Release|Any CPU
		{4370C25A-7CCD-4257-94F9-DDA16AE481F2}.Release|Any CPU.Build.0 = Release|Any CPU
	EndGlobalSection
	GlobalSection(SolutionProperties) = preSolution
		HideSolutionNode = FALSE
	EndGlobalSection
	GlobalSection(ExtensibilityGlobals) = postSolution
		SolutionGuid = {56A94C86-203B-49EC-83D0-79395FEF3F26}
	EndGlobalSection
EndGlobal
