Microsoft Visual Studio Solution File, Format Version 12.00
# Visual Studio Version 17
VisualStudioVersion = 17.5.2.0
MinimumVisualStudioVersion = 10.0.40219.1
Project("{FAE04EC0-301F-11D3-BF4B-00C04F79EFBC}") = "StudentTrackerAPI", "StudentTrackerAPI.csproj", "{1DA7FD60-73A9-FAAE-6F9D-265E6C17E3FD}"
EndProject
Global
	GlobalSection(SolutionConfigurationPlatforms) = preSolution
		Debug|Any CPU = Debug|Any CPU
		Release|Any CPU = Release|Any CPU
	EndGlobalSection
	GlobalSection(ProjectConfigurationPlatforms) = postSolution
		{1DA7FD60-73A9-FAAE-6F9D-265E6C17E3FD}.Debug|Any CPU.ActiveCfg = Debug|Any CPU
		{1DA7FD60-73A9-FAAE-6F9D-265E6C17E3FD}.Debug|Any CPU.Build.0 = Debug|Any CPU
		{1DA7FD60-73A9-FAAE-6F9D-265E6C17E3FD}.Release|Any CPU.ActiveCfg = Release|Any CPU
		{1DA7FD60-73A9-FAAE-6F9D-265E6C17E3FD}.Release|Any CPU.Build.0 = Release|Any CPU
	EndGlobalSection
	GlobalSection(SolutionProperties) = preSolution
		HideSolutionNode = FALSE
	EndGlobalSection
	GlobalSection(ExtensibilityGlobals) = postSolution
		SolutionGuid = {AF330200-73AF-41D5-B9E6-1A41C4652728}
	EndGlobalSection
EndGlobal
